<Solution>
  <Folder Name="/解决方案项/">
    <File Path=".gitignore" />
  </Folder>
  <Project Path="DAL/Server.csproj" />
  <Project Path="IBLL/IServer.csproj" />
  <Project Path="IServer/IRepository.csproj" />
  <Project Path="Models/Models.csproj" />
  <Project Path="Server/Repository.csproj" />
  <Project Path="Test_System/Test_System.csproj" />
  <Project Path="Tool/Tools.csproj" />
</Solution>
