<Solution>
  <Project Path="DAL/BLL.csproj" />
  <Project Path="IBLL/IBLL.csproj" />
  <Project Path="IServer/IServer.csproj" />
  <Project Path="Models/Models.csproj" />
  <Project Path="Server/Server.csproj" />
  <Project Path="Test_System/Test_System.csproj" />
  <Project Path="Tool/Tools.csproj" />
</Solution>
